
Microsoft Visual Studio Solution File, Format Version 12.00
# Visual Studio Version 16
VisualStudioVersion = 16.0.30225.117
MinimumVisualStudioVersion = 10.0.40219.1
Project("{9A19103F-16F7-4668-BE54-9A1E7A4F7556}") = "ReOsuStoryboardPlayerOnline", "ReOsuStoryboardPlayerOnline.csproj", "{1D6C7483-1164-4647-AAEC-2972C7DDC606}"
EndProject
Global
	GlobalSection(SolutionConfigurationPlatforms) = preSolution
		Debug|Any CPU = Debug|Any CPU
		Release|Any CPU = Release|Any CPU
	EndGlobalSection
	GlobalSection(ProjectConfigurationPlatforms) = postSolution
		{1D6C7483-1164-4647-AAEC-2972C7DDC606}.Debug|Any CPU.ActiveCfg = Debug|Any CPU
		{1D6C7483-1164-4647-AAEC-2972C7DDC606}.Debug|Any CPU.Build.0 = Debug|Any CPU
		{1D6C7483-1164-4647-AAEC-2972C7DDC606}.Release|Any CPU.ActiveCfg = Release|Any CPU
		{1D6C7483-1164-4647-AAEC-2972C7DDC606}.Release|Any CPU.Build.0 = Release|Any CPU
	EndGlobalSection
	GlobalSection(SolutionProperties) = preSolution
		HideSolutionNode = FALSE
	EndGlobalSection
	GlobalSection(ExtensibilityGlobals) = postSolution
		SolutionGuid = {6D562CA9-CA52-4E08-B086-29FAF18EED79}
	EndGlobalSection
EndGlobal
